
Microsoft Visual Studio Solution File, Format Version 12.00
Project("{FAE04EC0-301F-11D3-BF4B-00C04F79EFBC}") = "LeetCodeSolutions", "LeetCodeSolutions\LeetCodeSolutions.csproj", "{3835E5CA-8A5A-4E94-B064-4F57E651AF60}"
EndProject
Global
	GlobalSection(SolutionConfigurationPlatforms) = preSolution
		Debug|Any CPU = Debug|Any CPU
		Release|Any CPU = Release|Any CPU
	EndGlobalSection
	GlobalSection(ProjectConfigurationPlatforms) = postSolution
		{3835E5CA-8A5A-4E94-B064-4F57E651AF60}.Debug|Any CPU.ActiveCfg = Debug|Any CPU
		{3835E5CA-8A5A-4E94-B064-4F57E651AF60}.Debug|Any CPU.Build.0 = Debug|Any CPU
		{3835E5CA-8A5A-4E94-B064-4F57E651AF60}.Release|Any CPU.ActiveCfg = Release|Any CPU
		{3835E5CA-8A5A-4E94-B064-4F57E651AF60}.Release|Any CPU.Build.0 = Release|Any CPU
	EndGlobalSection
EndGlobal
